# This file is autogenerated, do not edit; changes may be undone by the next 'dep ensure'.


[[projects]]
  name = "go.opencensus.io"
  packages = ["."]
  revision = "79993219becaa7e29e3b60cb67f5b8e82dee11d6"
  version = "v0.17.0"

[solve-meta]
  analyzer-name = "dep"
  analyzer-version = 1
  inputs-digest = "5bf4f841cedb8950411cb7fdf8cae80268060df181e0c073a2b83d801edce068"
  solver-name = "gps-cdcl"
  solver-version = 1
